
Microsoft Visual Studio Solution File, Format Version 12.00
# Visual Studio Version 16
VisualStudioVersion = 16.0.30413.136
MinimumVisualStudioVersion = 10.0.40219.1
Project("{FAE04EC0-301F-11D3-BF4B-00C04F79EFBC}") = "CA 3 - Dapper", "CA 3 - Dapper\CA 3 - Dapper.csproj", "{89AC780F-4C60-465D-AE1A-E1E37C76390E}"
EndProject
Global
	GlobalSection(SolutionConfigurationPlatforms) = preSolution
		Debug|Any CPU = Debug|Any CPU
		Release|Any CPU = Release|Any CPU
	EndGlobalSection
	GlobalSection(ProjectConfigurationPlatforms) = postSolution
		{89AC780F-4C60-465D-AE1A-E1E37C76390E}.Debug|Any CPU.ActiveCfg = Debug|Any CPU
		{89AC780F-4C60-465D-AE1A-E1E37C76390E}.Debug|Any CPU.Build.0 = Debug|Any CPU
		{89AC780F-4C60-465D-AE1A-E1E37C76390E}.Release|Any CPU.ActiveCfg = Release|Any CPU
		{89AC780F-4C60-465D-AE1A-E1E37C76390E}.Release|Any CPU.Build.0 = Release|Any CPU
	EndGlobalSection
	GlobalSection(SolutionProperties) = preSolution
		HideSolutionNode = FALSE
	EndGlobalSection
	GlobalSection(ExtensibilityGlobals) = postSolution
		SolutionGuid = {C3475367-0205-4195-9A68-4D75BB530A98}
	EndGlobalSection
EndGlobal
